// !$*UTF8*$!
{
	archiveVersion = 1;
	classes = {
	};
	objectVersion = 48;
	objects = {

/* Begin PBXBuildFile section */
		D13F845D207991600009609B /* Meme.swift in Sources */ = {isa = PBXBuildFile; fileRef = D13F845C207991600009609B /* Meme.swift */; };
		D13F845F2079986B0009609B /* MemeTextFieldDelegate.swift in Sources */ = {isa = PBXBuildFile; fileRef = D13F845E2079986B0009609B /* MemeTextFieldDelegate.swift */; };
		D1C39579207433ED00E7802C /* AppDelegate.swift in Sources */ = {isa = PBXBuildFile; fileRef = D1C39578207433ED00E7802C /* AppDelegate.swift */; };
		D1C3957B207433ED00E7802C /* ViewController.swift in Sources */ = {isa = PBXBuildFile; fileRef = D1C3957A207433ED00E7802C /* ViewController.swift */; };
		D1C3957E207433ED00E7802C /* Main.storyboard in Resources */ = {isa = PBXBuildFile; fileRef = D1C3957C207433ED00E7802C /* Main.storyboard */; };
		D1C39580207433ED00E7802C /* Assets.xcassets in Resources */ = {isa = PBXBuildFile; fileRef = D1C3957F207433ED00E7802C /* Assets.xcassets */; };
		D1C39583207433ED00E7802C /* LaunchScreen.storyboard in Resources */ = {isa = PBXBuildFile; fileRef = D1C39581207433ED00E7802C /* LaunchScreen.storyboard */; };
		D1C3958E207433ED00E7802C /* meme_me_iosTests.swift in Sources */ = {isa = PBXBuildFile; fileRef = D1C3958D207433ED00E7802C /* meme_me_iosTests.swift */; };
		D1C39599207433ED00E7802C /* meme_me_iosUITests.swift in Sources */ = {isa = PBXBuildFile; fileRef = D1C39598207433ED00E7802C /* meme_me_iosUITests.swift */; };
/* End PBXBuildFile section */

/* Begin PBXContainerItemProxy section */
		D1C3958A207433ED00E7802C /* PBXContainerItemProxy */ = {
			isa = PBXContainerItemProxy;
			containerPortal = D1C3956D207433ED00E7802C /* Project object */;
			proxyType = 1;
			remoteGlobalIDString = D1C39574207433ED00E7802C;
			remoteInfo = meme_me_ios;
		};
		D1C39595207433ED00E7802C /* PBXContainerItemProxy */ = {
			isa = PBXContainerItemProxy;
			containerPortal = D1C3956D207433ED00E7802C /* Project object */;
			proxyType = 1;
			remoteGlobalIDString = D1C39574207433ED00E7802C;
			remoteInfo = meme_me_ios;
		};
/* End PBXContainerItemProxy section */

/* Begin PBXFileReference section */
		D13F845C207991600009609B /* Meme.swift */ = {isa = PBXFileReference; lastKnownFileType = sourcecode.swift; path = Meme.swift; sourceTree = "<group>"; };
		D13F845E2079986B0009609B /* MemeTextFieldDelegate.swift */ = {isa = PBXFileReference; lastKnownFileType = sourcecode.swift; path = MemeTextFieldDelegate.swift; sourceTree = "<group>"; };
		D1C39575207433ED00E7802C /* meme_me_ios.app */ = {isa = PBXFileReference; explicitFileType = wrapper.application; includeInIndex = 0; path = meme_me_ios.app; sourceTree = BUILT_PRODUCTS_DIR; };
		D1C39578207433ED00E7802C /* AppDelegate.swift */ = {isa = PBXFileReference; lastKnownFileType = sourcecode.swift; path = AppDelegate.swift; sourceTree = "<group>"; };
		D1C3957A207433ED00E7802C /* ViewController.swift */ = {isa = PBXFileReference; lastKnownFileType = sourcecode.swift; path = ViewController.swift; sourceTree = "<group>"; };
		D1C3957D207433ED00E7802C /* Base */ = {isa = PBXFileReference; lastKnownFileType = file.storyboard; name = Base; path = Base.lproj/Main.storyboard; sourceTree = "<group>"; };
		D1C3957F207433ED00E7802C /* Assets.xcassets */ = {isa = PBXFileReference; lastKnownFileType = folder.assetcatalog; path = Assets.xcassets; sourceTree = "<group>"; };
		D1C39582207433ED00E7802C /* Base */ = {isa = PBXFileReference; lastKnownFileType = file.storyboard; name = Base; path = Base.lproj/LaunchScreen.storyboard; sourceTree = "<group>"; };
		D1C39584207433ED00E7802C /* Info.plist */ = {isa = PBXFileReference; lastKnownFileType = text.plist.xml; path = Info.plist; sourceTree = "<group>"; };
		D1C39589207433ED00E7802C /* meme_me_iosTests.xctest */ = {isa = PBXFileReference; explicitFileType = wrapper.cfbundle; includeInIndex = 0; path = meme_me_iosTests.xctest; sourceTree = BUILT_PRODUCTS_DIR; };
		D1C3958D207433ED00E7802C /* meme_me_iosTests.swift */ = {isa = PBXFileReference; lastKnownFileType = sourcecode.swift; path = meme_me_iosTests.swift; sourceTree = "<group>"; };
		D1C3958F207433ED00E7802C /* Info.plist */ = {isa = PBXFileReference; lastKnownFileType = text.plist.xml; path = Info.plist; sourceTree = "<group>"; };
		D1C39594207433ED00E7802C /* meme_me_iosUITests.xctest */ = {isa = PBXFileReference; explicitFileType = wrapper.cfbundle; includeInIndex = 0; path = meme_me_iosUITests.xctest; sourceTree = BUILT_PRODUCTS_DIR; };
		D1C39598207433ED00E7802C /* meme_me_iosUITests.swift */ = {isa = PBXFileReference; lastKnownFileType = sourcecode.swift; path = meme_me_iosUITests.swift; sourceTree = "<group>"; };
		D1C3959A207433ED00E7802C /* Info.plist */ = {isa = PBXFileReference; lastKnownFileType = text.plist.xml; path = Info.plist; sourceTree = "<group>"; };
/* End PBXFileReference section */

/* Begin PBXFrameworksBuildPhase section */
		D1C39572207433ED00E7802C /* Frameworks */ = {
			isa = PBXFrameworksBuildPhase;
			buildActionMask = 2147483647;
			files = (
			);
			runOnlyForDeploymentPostprocessing = 0;
		};
		D1C39586207433ED00E7802C /* Frameworks */ = {
			isa = PBXFrameworksBuildPhase;
			buildActionMask = 2147483647;
			files = (
			);
			runOnlyForDeploymentPostprocessing = 0;
		};
		D1C39591207433ED00E7802C /* Frameworks */ = {
			isa = PBXFrameworksBuildPhase;
			buildActionMask = 2147483647;
			files = (
			);
			runOnlyForDeploymentPostprocessing = 0;
		};
/* End PBXFrameworksBuildPhase section */

/* Begin PBXGroup section */
		D1C3956C207433ED00E7802C = {
			isa = PBXGroup;
			children = (
				D1C39577207433ED00E7802C /* meme_me_ios */,
				D1C3958C207433ED00E7802C /* meme_me_iosTests */,
				D1C39597207433ED00E7802C /* meme_me_iosUITests */,
				D1C39576207433ED00E7802C /* Products */,
			);
			sourceTree = "<group>";
		};
		D1C39576207433ED00E7802C /* Products */ = {
			isa = PBXGroup;
			children = (
				D1C39575207433ED00E7802C /* meme_me_ios.app */,
				D1C39589207433ED00E7802C /* meme_me_iosTests.xctest */,
				D1C39594207433ED00E7802C /* meme_me_iosUITests.xctest */,
			);
			name = Products;
			sourceTree = "<group>";
		};
		D1C39577207433ED00E7802C /* meme_me_ios */ = {
			isa = PBXGroup;
			children = (
				D1C39578207433ED00E7802C /* AppDelegate.swift */,
				D1C3957A207433ED00E7802C /* ViewController.swift */,
				D13F845E2079986B0009609B /* MemeTextFieldDelegate.swift */,
				D13F845C207991600009609B /* Meme.swift */,
				D1C3957C207433ED00E7802C /* Main.storyboard */,
				D1C3957F207433ED00E7802C /* Assets.xcassets */,
				D1C39581207433ED00E7802C /* LaunchScreen.storyboard */,
				D1C39584207433ED00E7802C /* Info.plist */,
			);
			path = meme_me_ios;
			sourceTree = "<group>";
		};
		D1C3958C207433ED00E7802C /* meme_me_iosTests */ = {
			isa = PBXGroup;
			children = (
				D1C3958D207433ED00E7802C /* meme_me_iosTests.swift */,
				D1C3958F207433ED00E7802C /* Info.plist */,
			);
			path = meme_me_iosTests;
			sourceTree = "<group>";
		};
		D1C39597207433ED00E7802C /* meme_me_iosUITests */ = {
			isa = PBXGroup;
			children = (
				D1C39598207433ED00E7802C /* meme_me_iosUITests.swift */,
				D1C3959A207433ED00E7802C /* Info.plist */,
			);
			path = meme_me_iosUITests;
			sourceTree = "<group>";
		};
/* End PBXGroup section */

/* Begin PBXNativeTarget section */
		D1C39574207433ED00E7802C /* meme_me_ios */ = {
			isa = PBXNativeTarget;
			buildConfigurationList = D1C3959D207433ED00E7802C /* Build configuration list for PBXNativeTarget "meme_me_ios" */;
			buildPhases = (
				D1C39571207433ED00E7802C /* Sources */,
				D1C39572207433ED00E7802C /* Frameworks */,
				D1C39573207433ED00E7802C /* Resources */,
			);
			buildRules = (
			);
			dependencies = (
			);
			name = meme_me_ios;
			productName = meme_me_ios;
			productReference = D1C39575207433ED00E7802C /* meme_me_ios.app */;
			productType = "com.apple.product-type.application";
		};
		D1C39588207433ED00E7802C /* meme_me_iosTests */ = {
			isa = PBXNativeTarget;
			buildConfigurationList = D1C395A0207433ED00E7802C /* Build configuration list for PBXNativeTarget "meme_me_iosTests" */;
			buildPhases = (
				D1C39585207433ED00E7802C /* Sources */,
				D1C39586207433ED00E7802C /* Frameworks */,
				D1C39587207433ED00E7802C /* Resources */,
			);
			buildRules = (
			);
			dependencies = (
				D1C3958B207433ED00E7802C /* PBXTargetDependency */,
			);
			name = meme_me_iosTests;
			productName = meme_me_iosTests;
			productReference = D1C39589207433ED00E7802C /* meme_me_iosTests.xctest */;
			productType = "com.apple.product-type.bundle.unit-test";
		};
		D1C39593207433ED00E7802C /* meme_me_iosUITests */ = {
			isa = PBXNativeTarget;
			buildConfigurationList = D1C395A3207433ED00E7802C /* Build configuration list for PBXNativeTarget "meme_me_iosUITests" */;
			buildPhases = (
				D1C39590207433ED00E7802C /* Sources */,
				D1C39591207433ED00E7802C /* Frameworks */,
				D1C39592207433ED00E7802C /* Resources */,
			);
			buildRules = (
			);
			dependencies = (
				D1C39596207433ED00E7802C /* PBXTargetDependency */,
			);
			name = meme_me_iosUITests;
			productName = meme_me_iosUITests;
			productReference = D1C39594207433ED00E7802C /* meme_me_iosUITests.xctest */;
			productType = "com.apple.product-type.bundle.ui-testing";
		};
/* End PBXNativeTarget section */

/* Begin PBXProject section */
		D1C3956D207433ED00E7802C /* Project object */ = {
			isa = PBXProject;
			attributes = {
				LastSwiftUpdateCheck = 0920;
				LastUpgradeCheck = 0920;
				ORGANIZATIONNAME = solo;
				TargetAttributes = {
					D1C39574207433ED00E7802C = {
						CreatedOnToolsVersion = 9.2;
						ProvisioningStyle = Automatic;
					};
					D1C39588207433ED00E7802C = {
						CreatedOnToolsVersion = 9.2;
						ProvisioningStyle = Automatic;
						TestTargetID = D1C39574207433ED00E7802C;
					};
					D1C39593207433ED00E7802C = {
						CreatedOnToolsVersion = 9.2;
						ProvisioningStyle = Automatic;
						TestTargetID = D1C39574207433ED00E7802C;
					};
				};
			};
			buildConfigurationList = D1C39570207433ED00E7802C /* Build configuration list for PBXProject "meme_me_ios" */;
			compatibilityVersion = "Xcode 8.0";
			developmentRegion = en;
			hasScannedForEncodings = 0;
			knownRegions = (
				en,
				Base,
			);
			mainGroup = D1C3956C207433ED00E7802C;
			productRefGroup = D1C39576207433ED00E7802C /* Products */;
			projectDirPath = "";
			projectRoot = "";
			targets = (
				D1C39574207433ED00E7802C /* meme_me_ios */,
				D1C39588207433ED00E7802C /* meme_me_iosTests */,
				D1C39593207433ED00E7802C /* meme_me_iosUITests */,
			);
		};
/* End PBXProject section */

/* Begin PBXResourcesBuildPhase section */
		D1C39573207433ED00E7802C /* Resources */ = {
			isa = PBXResourcesBuildPhase;
			buildActionMask = 2147483647;
			files = (
				D1C39583207433ED00E7802C /* LaunchScreen.storyboard in Resources */,
				D1C39580207433ED00E7802C /* Assets.xcassets in Resources */,
				D1C3957E207433ED00E7802C /* Main.storyboard in Resources */,
			);
			runOnlyForDeploymentPostprocessing = 0;
		};
		D1C39587207433ED00E7802C /* Resources */ = {
			isa = PBXResourcesBuildPhase;
			buildActionMask = 2147483647;
			files = (
			);
			runOnlyForDeploymentPostprocessing = 0;
		};
		D1C39592207433ED00E7802C /* Resources */ = {
			isa = PBXResourcesBuildPhase;
			buildActionMask = 2147483647;
			files = (
			);
			runOnlyForDeploymentPostprocessing = 0;
		};
/* End PBXResourcesBuildPhase section */

/* Begin PBXSourcesBuildPhase section */
		D1C39571207433ED00E7802C /* Sources */ = {
			isa = PBXSourcesBuildPhase;
			buildActionMask = 2147483647;
			files = (
				D13F845D207991600009609B /* Meme.swift in Sources */,
				D1C3957B207433ED00E7802C /* ViewController.swift in Sources */,
				D13F845F2079986B0009609B /* MemeTextFieldDelegate.swift in Sources */,
				D1C39579207433ED00E7802C /* AppDelegate.swift in Sources */,
			);
			runOnlyForDeploymentPostprocessing = 0;
		};
		D1C39585207433ED00E7802C /* Sources */ = {
			isa = PBXSourcesBuildPhase;
			buildActionMask = 2147483647;
			files = (
				D1C3958E207433ED00E7802C /* meme_me_iosTests.swift in Sources */,
			);
			runOnlyForDeploymentPostprocessing = 0;
		};
		D1C39590207433ED00E7802C /* Sources */ = {
			isa = PBXSourcesBuildPhase;
			buildActionMask = 2147483647;
			files = (
				D1C39599207433ED00E7802C /* meme_me_iosUITests.swift in Sources */,
			);
			runOnlyForDeploymentPostprocessing = 0;
		};
/* End PBXSourcesBuildPhase section */

/* Begin PBXTargetDependency section */
		D1C3958B207433ED00E7802C /* PBXTargetDependency */ = {
			isa = PBXTargetDependency;
			target = D1C39574207433ED00E7802C /* meme_me_ios */;
			targetProxy = D1C3958A207433ED00E7802C /* PBXContainerItemProxy */;
		};
		D1C39596207433ED00E7802C /* PBXTargetDependency */ = {
			isa = PBXTargetDependency;
			target = D1C39574207433ED00E7802C /* meme_me_ios */;
			targetProxy = D1C39595207433ED00E7802C /* PBXContainerItemProxy */;
		};
/* End PBXTargetDependency section */

/* Begin PBXVariantGroup section */
		D1C3957C207433ED00E7802C /* Main.storyboard */ = {
			isa = PBXVariantGroup;
			children = (
				D1C3957D207433ED00E7802C /* Base */,
			);
			name = Main.storyboard;
			sourceTree = "<group>";
		};
		D1C39581207433ED00E7802C /* LaunchScreen.storyboard */ = {
			isa = PBXVariantGroup;
			children = (
				D1C39582207433ED00E7802C /* Base */,
			);
			name = LaunchScreen.storyboard;
			sourceTree = "<group>";
		};
/* End PBXVariantGroup section */

/* Begin XCBuildConfiguration section */
		D1C3959B207433ED00E7802C /* Debug */ = {
			isa = XCBuildConfiguration;
			buildSettings = {
				ALWAYS_SEARCH_USER_PATHS = NO;
				CLANG_ANALYZER_NONNULL = YES;
				CLANG_ANALYZER_NUMBER_OBJECT_CONVERSION = YES_AGGRESSIVE;
				CLANG_CXX_LANGUAGE_STANDARD = "gnu++14";
				CLANG_CXX_LIBRARY = "libc++";
				CLANG_ENABLE_MODULES = YES;
				CLANG_ENABLE_OBJC_ARC = YES;
				CLANG_WARN_BLOCK_CAPTURE_AUTORELEASING = YES;
				CLANG_WARN_BOOL_CONVERSION = YES;
				CLANG_WARN_COMMA = YES;
				CLANG_WARN_CONSTANT_CONVERSION = YES;
				CLANG_WARN_DIRECT_OBJC_ISA_USAGE = YES_ERROR;
				CLANG_WARN_DOCUMENTATION_COMMENTS = YES;
				CLANG_WARN_EMPTY_BODY = YES;
				CLANG_WARN_ENUM_CONVERSION = YES;
				CLANG_WARN_INFINITE_RECURSION = YES;
				CLANG_WARN_INT_CONVERSION = YES;
				CLANG_WARN_NON_LITERAL_NULL_CONVERSION = YES;
				CLANG_WARN_OBJC_LITERAL_CONVERSION = YES;
				CLANG_WARN_OBJC_ROOT_CLASS = YES_ERROR;
				CLANG_WARN_RANGE_LOOP_ANALYSIS = YES;
				CLANG_WARN_STRICT_PROTOTYPES = YES;
				CLANG_WARN_SUSPICIOUS_MOVE = YES;
				CLANG_WARN_UNGUARDED_AVAILABILITY = YES_AGGRESSIVE;
				CLANG_WARN_UNREACHABLE_CODE = YES;
				CLANG_WARN__DUPLICATE_METHOD_MATCH = YES;
				CODE_SIGN_IDENTITY = "iPhone Developer";
				COPY_PHASE_STRIP = NO;
				DEBUG_INFORMATION_FORMAT = dwarf;
				ENABLE_STRICT_OBJC_MSGSEND = YES;
				ENABLE_TESTABILITY = YES;
				GCC_C_LANGUAGE_STANDARD = gnu11;
				GCC_DYNAMIC_NO_PIC = NO;
				GCC_NO_COMMON_BLOCKS = YES;
				GCC_OPTIMIZATION_LEVEL = 0;
				GCC_PREPROCESSOR_DEFINITIONS = (
					"DEBUG=1",
					"$(inherited)",
				);
				GCC_WARN_64_TO_32_BIT_CONVERSION = YES;
				GCC_WARN_ABOUT_RETURN_TYPE = YES_ERROR;
				GCC_WARN_UNDECLARED_SELECTOR = YES;
				GCC_WARN_UNINITIALIZED_AUTOS = YES_AGGRESSIVE;
				GCC_WARN_UNUSED_FUNCTION = YES;
				GCC_WARN_UNUSED_VARIABLE = YES;
				IPHONEOS_DEPLOYMENT_TARGET = 11.2;
				MTL_ENABLE_DEBUG_INFO = YES;
				ONLY_ACTIVE_ARCH = YES;
				SDKROOT = iphoneos;
				SWIFT_ACTIVE_COMPILATION_CONDITIONS = DEBUG;
				SWIFT_OPTIMIZATION_LEVEL = "-Onone";
			};
			name = Debug;
		};
		D1C3959C207433ED00E7802C /* Release */ = {
			isa = XCBuildConfiguration;
			buildSettings = {
				ALWAYS_SEARCH_USER_PATHS = NO;
				CLANG_ANALYZER_NONNULL = YES;
				CLANG_ANALYZER_NUMBER_OBJECT_CONVERSION = YES_AGGRESSIVE;
				CLANG_CXX_LANGUAGE_STANDARD = "gnu++14";
				CLANG_CXX_LIBRARY = "libc++";
				CLANG_ENABLE_MODULES = YES;
				CLANG_ENABLE_OBJC_ARC = YES;
				CLANG_WARN_BLOCK_CAPTURE_AUTORELEASING = YES;
				CLANG_WARN_BOOL_CONVERSION = YES;
				CLANG_WARN_COMMA = YES;
				CLANG_WARN_CONSTANT_CONVERSION = YES;
				CLANG_WARN_DIRECT_OBJC_ISA_USAGE = YES_ERROR;
				CLANG_WARN_DOCUMENTATION_COMMENTS = YES;
				CLANG_WARN_EMPTY_BODY = YES;
				CLANG_WARN_ENUM_CONVERSION = YES;
				CLANG_WARN_INFINITE_RECURSION = YES;
				CLANG_WARN_INT_CONVERSION = YES;
				CLANG_WARN_NON_LITERAL_NULL_CONVERSION = YES;
				CLANG_WARN_OBJC_LITERAL_CONVERSION = YES;
				CLANG_WARN_OBJC_ROOT_CLASS = YES_ERROR;
				CLANG_WARN_RANGE_LOOP_ANALYSIS = YES;
				CLANG_WARN_STRICT_PROTOTYPES = YES;
				CLANG_WARN_SUSPICIOUS_MOVE = YES;
				CLANG_WARN_UNGUARDED_AVAILABILITY = YES_AGGRESSIVE;
				CLANG_WARN_UNREACHABLE_CODE = YES;
				CLANG_WARN__DUPLICATE_METHOD_MATCH = YES;
				CODE_SIGN_IDENTITY = "iPhone Developer";
				COPY_PHASE_STRIP = NO;
				DEBUG_INFORMATION_FORMAT = "dwarf-with-dsym";
				ENABLE_NS_ASSERTIONS = NO;
				ENABLE_STRICT_OBJC_MSGSEND = YES;
				GCC_C_LANGUAGE_STANDARD = gnu11;
				GCC_NO_COMMON_BLOCKS = YES;
				GCC_WARN_64_TO_32_BIT_CONVERSION = YES;
				GCC_WARN_ABOUT_RETURN_TYPE = YES_ERROR;
				GCC_WARN_UNDECLARED_SELECTOR = YES;
				GCC_WARN_UNINITIALIZED_AUTOS = YES_AGGRESSIVE;
				GCC_WARN_UNUSED_FUNCTION = YES;
				GCC_WARN_UNUSED_VARIABLE = YES;
				IPHONEOS_DEPLOYMENT_TARGET = 11.2;
				MTL_ENABLE_DEBUG_INFO = NO;
				SDKROOT = iphoneos;
				SWIFT_OPTIMIZATION_LEVEL = "-Owholemodule";
				VALIDATE_PRODUCT = YES;
			};
			name = Release;
		};
		D1C3959E207433ED00E7802C /* Debug */ = {
			isa = XCBuildConfiguration;
			buildSettings = {
				ASSETCATALOG_COMPILER_APPICON_NAME = AppIcon;
				CODE_SIGN_STYLE = Automatic;
				DEVELOPMENT_TEAM = RVC6T4M2H3;
				INFOPLIST_FILE = meme_me_ios/Info.plist;
				LD_RUNPATH_SEARCH_PATHS = "$(inherited) @executable_path/Frameworks";
				PRODUCT_BUNDLE_IDENTIFIER = "rov.com.meme-me-ios";
				PRODUCT_NAME = "$(TARGET_NAME)";
				SWIFT_VERSION = 4.0;
				TARGETED_DEVICE_FAMILY = "1,2";
			};
			name = Debug;
		};
		D1C3959F207433ED00E7802C /* Release */ = {
			isa = XCBuildConfiguration;
			buildSettings = {
				ASSETCATALOG_COMPILER_APPICON_NAME = AppIcon;
				CODE_SIGN_STYLE = Automatic;
				DEVELOPMENT_TEAM = RVC6T4M2H3;
				INFOPLIST_FILE = meme_me_ios/Info.plist;
				LD_RUNPATH_SEARCH_PATHS = "$(inherited) @executable_path/Frameworks";
				PRODUCT_BUNDLE_IDENTIFIER = "rov.com.meme-me-ios";
				PRODUCT_NAME = "$(TARGET_NAME)";
				SWIFT_VERSION = 4.0;
				TARGETED_DEVICE_FAMILY = "1,2";
			};
			name = Release;
		};
		D1C395A1207433ED00E7802C /* Debug */ = {
			isa = XCBuildConfiguration;
			buildSettings = {
				ALWAYS_EMBED_SWIFT_STANDARD_LIBRARIES = YES;
				BUNDLE_LOADER = "$(TEST_HOST)";
				CODE_SIGN_STYLE = Automatic;
				DEVELOPMENT_TEAM = RVC6T4M2H3;
				INFOPLIST_FILE = meme_me_iosTests/Info.plist;
				LD_RUNPATH_SEARCH_PATHS = "$(inherited) @executable_path/Frameworks @loader_path/Frameworks";
				PRODUCT_BUNDLE_IDENTIFIER = "rov.com.meme-me-iosTests";
				PRODUCT_NAME = "$(TARGET_NAME)";
				SWIFT_VERSION = 4.0;
				TARGETED_DEVICE_FAMILY = "1,2";
				TEST_HOST = "$(BUILT_PRODUCTS_DIR)/meme_me_ios.app/meme_me_ios";
			};
			name = Debug;
		};
		D1C395A2207433ED00E7802C /* Release */ = {
			isa = XCBuildConfiguration;
			buildSettings = {
				ALWAYS_EMBED_SWIFT_STANDARD_LIBRARIES = YES;
				BUNDLE_LOADER = "$(TEST_HOST)";
				CODE_SIGN_STYLE = Automatic;
				DEVELOPMENT_TEAM = RVC6T4M2H3;
				INFOPLIST_FILE = meme_me_iosTests/Info.plist;
				LD_RUNPATH_SEARCH_PATHS = "$(inherited) @executable_path/Frameworks @loader_path/Frameworks";
				PRODUCT_BUNDLE_IDENTIFIER = "rov.com.meme-me-iosTests";
				PRODUCT_NAME = "$(TARGET_NAME)";
				SWIFT_VERSION = 4.0;
				TARGETED_DEVICE_FAMILY = "1,2";
				TEST_HOST = "$(BUILT_PRODUCTS_DIR)/meme_me_ios.app/meme_me_ios";
			};
			name = Release;
		};
		D1C395A4207433ED00E7802C /* Debug */ = {
			isa = XCBuildConfiguration;
			buildSettings = {
				ALWAYS_EMBED_SWIFT_STANDARD_LIBRARIES = YES;
				CODE_SIGN_STYLE = Automatic;
				DEVELOPMENT_TEAM = RVC6T4M2H3;
				INFOPLIST_FILE = meme_me_iosUITests/Info.plist;
				LD_RUNPATH_SEARCH_PATHS = "$(inherited) @executable_path/Frameworks @loader_path/Frameworks";
				PRODUCT_BUNDLE_IDENTIFIER = "rov.com.meme-me-iosUITests";
				PRODUCT_NAME = "$(TARGET_NAME)";
				SWIFT_VERSION = 4.0;
				TARGETED_DEVICE_FAMILY = "1,2";
				TEST_TARGET_NAME = meme_me_ios;
			};
			name = Debug;
		};
		D1C395A5207433ED00E7802C /* Release */ = {
			isa = XCBuildConfiguration;
			buildSettings = {
				ALWAYS_EMBED_SWIFT_STANDARD_LIBRARIES = YES;
				CODE_SIGN_STYLE = Automatic;
				DEVELOPMENT_TEAM = RVC6T4M2H3;
				INFOPLIST_FILE = meme_me_iosUITests/Info.plist;
				LD_RUNPATH_SEARCH_PATHS = "$(inherited) @executable_path/Frameworks @loader_path/Frameworks";
				PRODUCT_BUNDLE_IDENTIFIER = "rov.com.meme-me-iosUITests";
				PRODUCT_NAME = "$(TARGET_NAME)";
				SWIFT_VERSION = 4.0;
				TARGETED_DEVICE_FAMILY = "1,2";
				TEST_TARGET_NAME = meme_me_ios;
			};
			name = Release;
		};
/* End XCBuildConfiguration section */

/* Begin XCConfigurationList section */
		D1C39570207433ED00E7802C /* Build configuration list for PBXProject "meme_me_ios" */ = {
			isa = XCConfigurationList;
			buildConfigurations = (
				D1C3959B207433ED00E7802C /* Debug */,
				D1C3959C207433ED00E7802C /* Release */,
			);
			defaultConfigurationIsVisible = 0;
			defaultConfigurationName = Release;
		};
		D1C3959D207433ED00E7802C /* Build configuration list for PBXNativeTarget "meme_me_ios" */ = {
			isa = XCConfigurationList;
			buildConfigurations = (
				D1C3959E207433ED00E7802C /* Debug */,
				D1C3959F207433ED00E7802C /* Release */,
			);
			defaultConfigurationIsVisible = 0;
			defaultConfigurationName = Release;
		};
		D1C395A0207433ED00E7802C /* Build configuration list for PBXNativeTarget "meme_me_iosTests" */ = {
			isa = XCConfigurationList;
			buildConfigurations = (
				D1C395A1207433ED00E7802C /* Debug */,
				D1C395A2207433ED00E7802C /* Release */,
			);
			defaultConfigurationIsVisible = 0;
			defaultConfigurationName = Release;
		};
		D1C395A3207433ED00E7802C /* Build configuration list for PBXNativeTarget "meme_me_iosUITests" */ = {
			isa = XCConfigurationList;
			buildConfigurations = (
				D1C395A4207433ED00E7802C /* Debug */,
				D1C395A5207433ED00E7802C /* Release */,
			);
			defaultConfigurationIsVisible = 0;
			defaultConfigurationName = Release;
		};
/* End XCConfigurationList section */
	};
	rootObject = D1C3956D207433ED00E7802C /* Project object */;
}
